
Microsoft Visual Studio Solution File, Format Version 12.00
# Visual Studio Version 17
VisualStudioVersion = 17.6.33801.468
MinimumVisualStudioVersion = 10.0.40219.1
Project("{FAE04EC0-301F-11D3-BF4B-00C04F79EFBC}") = "039-solid_review_the_queue_dependency_inversion", "039-solid_review_the_queue_dependency_inversion.csproj", "{1F79986A-EC4D-4612-9EDD-4A8693FEA0AA}"
EndProject
Global
	GlobalSection(SolutionConfigurationPlatforms) = preSolution
		Debug|Any CPU = Debug|Any CPU
		Release|Any CPU = Release|Any CPU
	EndGlobalSection
	GlobalSection(ProjectConfigurationPlatforms) = postSolution
		{1F79986A-EC4D-4612-9EDD-4A8693FEA0AA}.Debug|Any CPU.ActiveCfg = Debug|Any CPU
		{1F79986A-EC4D-4612-9EDD-4A8693FEA0AA}.Debug|Any CPU.Build.0 = Debug|Any CPU
		{1F79986A-EC4D-4612-9EDD-4A8693FEA0AA}.Release|Any CPU.ActiveCfg = Release|Any CPU
		{1F79986A-EC4D-4612-9EDD-4A8693FEA0AA}.Release|Any CPU.Build.0 = Release|Any CPU
	EndGlobalSection
	GlobalSection(SolutionProperties) = preSolution
		HideSolutionNode = FALSE
	EndGlobalSection
	GlobalSection(ExtensibilityGlobals) = postSolution
		SolutionGuid = {5CE57ED3-AB77-4804-8C64-FA486343CF15}
	EndGlobalSection
EndGlobal
