
Microsoft Visual Studio Solution File, Format Version 12.00
# Visual Studio Version 17
VisualStudioVersion = 17.6.33801.468
MinimumVisualStudioVersion = 10.0.40219.1
Project("{FAE04EC0-301F-11D3-BF4B-00C04F79EFBC}") = "011_making_a_list_checking_it_twice", "011_making_a_list_checking_it_twice\011_making_a_list_checking_it_twice.csproj", "{F39E0552-EF9B-4DD4-AFFD-BF239560ADE7}"
EndProject
Global
	GlobalSection(SolutionConfigurationPlatforms) = preSolution
		Debug|Any CPU = Debug|Any CPU
		Release|Any CPU = Release|Any CPU
	EndGlobalSection
	GlobalSection(ProjectConfigurationPlatforms) = postSolution
		{F39E0552-EF9B-4DD4-AFFD-BF239560ADE7}.Debug|Any CPU.ActiveCfg = Debug|Any CPU
		{F39E0552-EF9B-4DD4-AFFD-BF239560ADE7}.Debug|Any CPU.Build.0 = Debug|Any CPU
		{F39E0552-EF9B-4DD4-AFFD-BF239560ADE7}.Release|Any CPU.ActiveCfg = Release|Any CPU
		{F39E0552-EF9B-4DD4-AFFD-BF239560ADE7}.Release|Any CPU.Build.0 = Release|Any CPU
	EndGlobalSection
	GlobalSection(SolutionProperties) = preSolution
		HideSolutionNode = FALSE
	EndGlobalSection
	GlobalSection(ExtensibilityGlobals) = postSolution
		SolutionGuid = {1B03EF28-3789-46FC-B8B8-95B393438ECE}
	EndGlobalSection
EndGlobal
