
Microsoft Visual Studio Solution File, Format Version 12.00
# Visual Studio Version 17
VisualStudioVersion = 17.6.33801.468
MinimumVisualStudioVersion = 10.0.40219.1
Project("{FAE04EC0-301F-11D3-BF4B-00C04F79EFBC}") = "030-projecting", "030-projecting\030-projecting.csproj", "{120563C2-F182-4A15-8EEC-60A25BD92A5D}"
EndProject
Global
	GlobalSection(SolutionConfigurationPlatforms) = preSolution
		Debug|Any CPU = Debug|Any CPU
		Release|Any CPU = Release|Any CPU
	EndGlobalSection
	GlobalSection(ProjectConfigurationPlatforms) = postSolution
		{120563C2-F182-4A15-8EEC-60A25BD92A5D}.Debug|Any CPU.ActiveCfg = Debug|Any CPU
		{120563C2-F182-4A15-8EEC-60A25BD92A5D}.Debug|Any CPU.Build.0 = Debug|Any CPU
		{120563C2-F182-4A15-8EEC-60A25BD92A5D}.Release|Any CPU.ActiveCfg = Release|Any CPU
		{120563C2-F182-4A15-8EEC-60A25BD92A5D}.Release|Any CPU.Build.0 = Release|Any CPU
	EndGlobalSection
	GlobalSection(SolutionProperties) = preSolution
		HideSolutionNode = FALSE
	EndGlobalSection
	GlobalSection(ExtensibilityGlobals) = postSolution
		SolutionGuid = {C6F22132-BCC6-4A4A-BA2A-BFDC1859BDDC}
	EndGlobalSection
EndGlobal
