
Microsoft Visual Studio Solution File, Format Version 12.00
# Visual Studio Version 17
VisualStudioVersion = 17.6.33801.468
MinimumVisualStudioVersion = 10.0.40219.1
Project("{FAE04EC0-301F-11D3-BF4B-00C04F79EFBC}") = "024-unnatural_sorting", "024-unnatural_sorting\024-unnatural_sorting.csproj", "{399B61BE-22F1-4C22-9F0C-C7AFA69CFA34}"
EndProject
Global
	GlobalSection(SolutionConfigurationPlatforms) = preSolution
		Debug|Any CPU = Debug|Any CPU
		Release|Any CPU = Release|Any CPU
	EndGlobalSection
	GlobalSection(ProjectConfigurationPlatforms) = postSolution
		{399B61BE-22F1-4C22-9F0C-C7AFA69CFA34}.Debug|Any CPU.ActiveCfg = Debug|Any CPU
		{399B61BE-22F1-4C22-9F0C-C7AFA69CFA34}.Debug|Any CPU.Build.0 = Debug|Any CPU
		{399B61BE-22F1-4C22-9F0C-C7AFA69CFA34}.Release|Any CPU.ActiveCfg = Release|Any CPU
		{399B61BE-22F1-4C22-9F0C-C7AFA69CFA34}.Release|Any CPU.Build.0 = Release|Any CPU
	EndGlobalSection
	GlobalSection(SolutionProperties) = preSolution
		HideSolutionNode = FALSE
	EndGlobalSection
	GlobalSection(ExtensibilityGlobals) = postSolution
		SolutionGuid = {403516E2-08F9-4F5D-8345-0E7C29F2127E}
	EndGlobalSection
EndGlobal
