
Microsoft Visual Studio Solution File, Format Version 12.00
# Visual Studio Version 17
VisualStudioVersion = 17.6.33801.468
MinimumVisualStudioVersion = 10.0.40219.1
Project("{FAE04EC0-301F-11D3-BF4B-00C04F79EFBC}") = "022-clear_and_concise", "022-clear_and_concise\022-clear_and_concise.csproj", "{04C2A4DA-BB37-4D26-B25D-665739DBAC78}"
EndProject
Global
	GlobalSection(SolutionConfigurationPlatforms) = preSolution
		Debug|Any CPU = Debug|Any CPU
		Release|Any CPU = Release|Any CPU
	EndGlobalSection
	GlobalSection(ProjectConfigurationPlatforms) = postSolution
		{04C2A4DA-BB37-4D26-B25D-665739DBAC78}.Debug|Any CPU.ActiveCfg = Debug|Any CPU
		{04C2A4DA-BB37-4D26-B25D-665739DBAC78}.Debug|Any CPU.Build.0 = Debug|Any CPU
		{04C2A4DA-BB37-4D26-B25D-665739DBAC78}.Release|Any CPU.ActiveCfg = Release|Any CPU
		{04C2A4DA-BB37-4D26-B25D-665739DBAC78}.Release|Any CPU.Build.0 = Release|Any CPU
	EndGlobalSection
	GlobalSection(SolutionProperties) = preSolution
		HideSolutionNode = FALSE
	EndGlobalSection
	GlobalSection(ExtensibilityGlobals) = postSolution
		SolutionGuid = {1301F767-7734-47DF-A2B9-00FA0057E850}
	EndGlobalSection
EndGlobal
