
Microsoft Visual Studio Solution File, Format Version 12.00
# Visual Studio Version 17
VisualStudioVersion = 17.6.33801.468
MinimumVisualStudioVersion = 10.0.40219.1
Project("{FAE04EC0-301F-11D3-BF4B-00C04F79EFBC}") = "023-sorted", "023-sorted\023-sorted.csproj", "{2144A2BB-2834-4B73-A2E6-07A247A3C4EA}"
EndProject
Global
	GlobalSection(SolutionConfigurationPlatforms) = preSolution
		Debug|Any CPU = Debug|Any CPU
		Release|Any CPU = Release|Any CPU
	EndGlobalSection
	GlobalSection(ProjectConfigurationPlatforms) = postSolution
		{2144A2BB-2834-4B73-A2E6-07A247A3C4EA}.Debug|Any CPU.ActiveCfg = Debug|Any CPU
		{2144A2BB-2834-4B73-A2E6-07A247A3C4EA}.Debug|Any CPU.Build.0 = Debug|Any CPU
		{2144A2BB-2834-4B73-A2E6-07A247A3C4EA}.Release|Any CPU.ActiveCfg = Release|Any CPU
		{2144A2BB-2834-4B73-A2E6-07A247A3C4EA}.Release|Any CPU.Build.0 = Release|Any CPU
	EndGlobalSection
	GlobalSection(SolutionProperties) = preSolution
		HideSolutionNode = FALSE
	EndGlobalSection
	GlobalSection(ExtensibilityGlobals) = postSolution
		SolutionGuid = {A3C8B31E-3298-4BA0-9FFE-08F686D1295F}
	EndGlobalSection
EndGlobal
