
Microsoft Visual Studio Solution File, Format Version 12.00
# Visual Studio Version 17
VisualStudioVersion = 17.6.33801.468
MinimumVisualStudioVersion = 10.0.40219.1
Project("{FAE04EC0-301F-11D3-BF4B-00C04F79EFBC}") = "018-min_and_max", "018-min_and_max\018-min_and_max.csproj", "{3D575A44-D7B8-45DE-A656-A3DBC5B300D6}"
EndProject
Global
	GlobalSection(SolutionConfigurationPlatforms) = preSolution
		Debug|Any CPU = Debug|Any CPU
		Release|Any CPU = Release|Any CPU
	EndGlobalSection
	GlobalSection(ProjectConfigurationPlatforms) = postSolution
		{3D575A44-D7B8-45DE-A656-A3DBC5B300D6}.Debug|Any CPU.ActiveCfg = Debug|Any CPU
		{3D575A44-D7B8-45DE-A656-A3DBC5B300D6}.Debug|Any CPU.Build.0 = Debug|Any CPU
		{3D575A44-D7B8-45DE-A656-A3DBC5B300D6}.Release|Any CPU.ActiveCfg = Release|Any CPU
		{3D575A44-D7B8-45DE-A656-A3DBC5B300D6}.Release|Any CPU.Build.0 = Release|Any CPU
	EndGlobalSection
	GlobalSection(SolutionProperties) = preSolution
		HideSolutionNode = FALSE
	EndGlobalSection
	GlobalSection(ExtensibilityGlobals) = postSolution
		SolutionGuid = {A3831CE9-FF02-4DE0-BE47-D3139F028C8A}
	EndGlobalSection
EndGlobal
