
Microsoft Visual Studio Solution File, Format Version 12.00
# Visual Studio Version 17
VisualStudioVersion = 17.6.33801.468
MinimumVisualStudioVersion = 10.0.40219.1
Project("{FAE04EC0-301F-11D3-BF4B-00C04F79EFBC}") = "037-solid_review_the_queue_liskov_substitution", "037-solid_review_the_queue_liskov_substitution.csproj", "{3B79BD57-562E-4A94-B084-CAE16779F820}"
EndProject
Global
	GlobalSection(SolutionConfigurationPlatforms) = preSolution
		Debug|Any CPU = Debug|Any CPU
		Release|Any CPU = Release|Any CPU
	EndGlobalSection
	GlobalSection(ProjectConfigurationPlatforms) = postSolution
		{3B79BD57-562E-4A94-B084-CAE16779F820}.Debug|Any CPU.ActiveCfg = Debug|Any CPU
		{3B79BD57-562E-4A94-B084-CAE16779F820}.Debug|Any CPU.Build.0 = Debug|Any CPU
		{3B79BD57-562E-4A94-B084-CAE16779F820}.Release|Any CPU.ActiveCfg = Release|Any CPU
		{3B79BD57-562E-4A94-B084-CAE16779F820}.Release|Any CPU.Build.0 = Release|Any CPU
	EndGlobalSection
	GlobalSection(SolutionProperties) = preSolution
		HideSolutionNode = FALSE
	EndGlobalSection
	GlobalSection(ExtensibilityGlobals) = postSolution
		SolutionGuid = {6BCFE76E-73CD-4461-A231-4D1522F630F3}
	EndGlobalSection
EndGlobal
